// !$*UTF8*$!
{
	archiveVersion = 1;
	classes = {
	};
	objectVersion = 46;
	objects = {

/* Begin PBXBuildFile section */
		D3A031D91B516F79008E5815 /* AppDelegate.swift in Sources */ = {isa = PBXBuildFile; fileRef = D3A031D81B516F79008E5815 /* AppDelegate.swift */; };
		D3A031DB1B516F79008E5815 /* RootViewController.swift in Sources */ = {isa = PBXBuildFile; fileRef = D3A031DA1B516F79008E5815 /* RootViewController.swift */; };
		D3A031DD1B516F79008E5815 /* DataViewController.swift in Sources */ = {isa = PBXBuildFile; fileRef = D3A031DC1B516F79008E5815 /* DataViewController.swift */; };
		D3A031DF1B516F79008E5815 /* ModelController.swift in Sources */ = {isa = PBXBuildFile; fileRef = D3A031DE1B516F79008E5815 /* ModelController.swift */; };
		D3A031E21B516F79008E5815 /* Main.storyboard in Resources */ = {isa = PBXBuildFile; fileRef = D3A031E01B516F79008E5815 /* Main.storyboard */; };
		D3A031E41B516F79008E5815 /* Images.xcassets in Resources */ = {isa = PBXBuildFile; fileRef = D3A031E31B516F79008E5815 /* Images.xcassets */; };
		D3A031E71B516F79008E5815 /* LaunchScreen.xib in Resources */ = {isa = PBXBuildFile; fileRef = D3A031E51B516F79008E5815 /* LaunchScreen.xib */; };
		D3A031F31B516F79008E5815 /* MiniMediaTests.swift in Sources */ = {isa = PBXBuildFile; fileRef = D3A031F21B516F79008E5815 /* MiniMediaTests.swift */; };
/* End PBXBuildFile section */

/* Begin PBXContainerItemProxy section */
		D3A031ED1B516F79008E5815 /* PBXContainerItemProxy */ = {
			isa = PBXContainerItemProxy;
			containerPortal = D3A031CB1B516F79008E5815 /* Project object */;
			proxyType = 1;
			remoteGlobalIDString = D3A031D21B516F79008E5815;
			remoteInfo = MiniMedia;
		};
/* End PBXContainerItemProxy section */

/* Begin PBXFileReference section */
		D3A031D31B516F79008E5815 /* MiniMedia.app */ = {isa = PBXFileReference; explicitFileType = wrapper.application; includeInIndex = 0; path = MiniMedia.app; sourceTree = BUILT_PRODUCTS_DIR; };
		D3A031D71B516F79008E5815 /* Info.plist */ = {isa = PBXFileReference; lastKnownFileType = text.plist.xml; path = Info.plist; sourceTree = "<group>"; };
		D3A031D81B516F79008E5815 /* AppDelegate.swift */ = {isa = PBXFileReference; lastKnownFileType = sourcecode.swift; path = AppDelegate.swift; sourceTree = "<group>"; };
		D3A031DA1B516F79008E5815 /* RootViewController.swift */ = {isa = PBXFileReference; lastKnownFileType = sourcecode.swift; path = RootViewController.swift; sourceTree = "<group>"; };
		D3A031DC1B516F79008E5815 /* DataViewController.swift */ = {isa = PBXFileReference; lastKnownFileType = sourcecode.swift; path = DataViewController.swift; sourceTree = "<group>"; };
		D3A031DE1B516F79008E5815 /* ModelController.swift */ = {isa = PBXFileReference; lastKnownFileType = sourcecode.swift; path = ModelController.swift; sourceTree = "<group>"; };
		D3A031E11B516F79008E5815 /* Base */ = {isa = PBXFileReference; lastKnownFileType = file.storyboard; name = Base; path = Base.lproj/Main.storyboard; sourceTree = "<group>"; };
		D3A031E31B516F79008E5815 /* Images.xcassets */ = {isa = PBXFileReference; lastKnownFileType = folder.assetcatalog; path = Images.xcassets; sourceTree = "<group>"; };
		D3A031E61B516F79008E5815 /* Base */ = {isa = PBXFileReference; lastKnownFileType = file.xib; name = Base; path = Base.lproj/LaunchScreen.xib; sourceTree = "<group>"; };
		D3A031EC1B516F79008E5815 /* MiniMediaTests.xctest */ = {isa = PBXFileReference; explicitFileType = wrapper.cfbundle; includeInIndex = 0; path = MiniMediaTests.xctest; sourceTree = BUILT_PRODUCTS_DIR; };
		D3A031F11B516F79008E5815 /* Info.plist */ = {isa = PBXFileReference; lastKnownFileType = text.plist.xml; path = Info.plist; sourceTree = "<group>"; };
		D3A031F21B516F79008E5815 /* MiniMediaTests.swift */ = {isa = PBXFileReference; lastKnownFileType = sourcecode.swift; path = MiniMediaTests.swift; sourceTree = "<group>"; };
/* End PBXFileReference section */

/* Begin PBXFrameworksBuildPhase section */
		D3A031D01B516F79008E5815 /* Frameworks */ = {
			isa = PBXFrameworksBuildPhase;
			buildActionMask = 2147483647;
			files = (
			);
			runOnlyForDeploymentPostprocessing = 0;
		};
		D3A031E91B516F79008E5815 /* Frameworks */ = {
			isa = PBXFrameworksBuildPhase;
			buildActionMask = 2147483647;
			files = (
			);
			runOnlyForDeploymentPostprocessing = 0;
		};
/* End PBXFrameworksBuildPhase section */

/* Begin PBXGroup section */
		D3A031CA1B516F79008E5815 = {
			isa = PBXGroup;
			children = (
				D3A031D51B516F79008E5815 /* MiniMedia */,
				D3A031EF1B516F79008E5815 /* MiniMediaTests */,
				D3A031D41B516F79008E5815 /* Products */,
			);
			sourceTree = "<group>";
		};
		D3A031D41B516F79008E5815 /* Products */ = {
			isa = PBXGroup;
			children = (
				D3A031D31B516F79008E5815 /* MiniMedia.app */,
				D3A031EC1B516F79008E5815 /* MiniMediaTests.xctest */,
			);
			name = Products;
			sourceTree = "<group>";
		};
		D3A031D51B516F79008E5815 /* MiniMedia */ = {
			isa = PBXGroup;
			children = (
				D3A031D81B516F79008E5815 /* AppDelegate.swift */,
				D3A031DA1B516F79008E5815 /* RootViewController.swift */,
				D3A031DC1B516F79008E5815 /* DataViewController.swift */,
				D3A031DE1B516F79008E5815 /* ModelController.swift */,
				D3A031E01B516F79008E5815 /* Main.storyboard */,
				D3A031E31B516F79008E5815 /* Images.xcassets */,
				D3A031E51B516F79008E5815 /* LaunchScreen.xib */,
				D3A031D61B516F79008E5815 /* Supporting Files */,
			);
			path = MiniMedia;
			sourceTree = "<group>";
		};
		D3A031D61B516F79008E5815 /* Supporting Files */ = {
			isa = PBXGroup;
			children = (
				D3A031D71B516F79008E5815 /* Info.plist */,
			);
			name = "Supporting Files";
			sourceTree = "<group>";
		};
		D3A031EF1B516F79008E5815 /* MiniMediaTests */ = {
			isa = PBXGroup;
			children = (
				D3A031F21B516F79008E5815 /* MiniMediaTests.swift */,
				D3A031F01B516F79008E5815 /* Supporting Files */,
			);
			path = MiniMediaTests;
			sourceTree = "<group>";
		};
		D3A031F01B516F79008E5815 /* Supporting Files */ = {
			isa = PBXGroup;
			children = (
				D3A031F11B516F79008E5815 /* Info.plist */,
			);
			name = "Supporting Files";
			sourceTree = "<group>";
		};
/* End PBXGroup section */

/* Begin PBXNativeTarget section */
		D3A031D21B516F79008E5815 /* MiniMedia */ = {
			isa = PBXNativeTarget;
			buildConfigurationList = D3A031F61B516F79008E5815 /* Build configuration list for PBXNativeTarget "MiniMedia" */;
			buildPhases = (
				D3A031CF1B516F79008E5815 /* Sources */,
				D3A031D01B516F79008E5815 /* Frameworks */,
				D3A031D11B516F79008E5815 /* Resources */,
			);
			buildRules = (
			);
			dependencies = (
			);
			name = MiniMedia;
			productName = MiniMedia;
			productReference = D3A031D31B516F79008E5815 /* MiniMedia.app */;
			productType = "com.apple.product-type.application";
		};
		D3A031EB1B516F79008E5815 /* MiniMediaTests */ = {
			isa = PBXNativeTarget;
			buildConfigurationList = D3A031F91B516F79008E5815 /* Build configuration list for PBXNativeTarget "MiniMediaTests" */;
			buildPhases = (
				D3A031E81B516F79008E5815 /* Sources */,
				D3A031E91B516F79008E5815 /* Frameworks */,
				D3A031EA1B516F79008E5815 /* Resources */,
			);
			buildRules = (
			);
			dependencies = (
				D3A031EE1B516F79008E5815 /* PBXTargetDependency */,
			);
			name = MiniMediaTests;
			productName = MiniMediaTests;
			productReference = D3A031EC1B516F79008E5815 /* MiniMediaTests.xctest */;
			productType = "com.apple.product-type.bundle.unit-test";
		};
/* End PBXNativeTarget section */

/* Begin PBXProject section */
		D3A031CB1B516F79008E5815 /* Project object */ = {
			isa = PBXProject;
			attributes = {
				LastUpgradeCheck = 0640;
				ORGANIZATIONNAME = Gustalagsta;
				TargetAttributes = {
					D3A031D21B516F79008E5815 = {
						CreatedOnToolsVersion = 6.4;
					};
					D3A031EB1B516F79008E5815 = {
						CreatedOnToolsVersion = 6.4;
						TestTargetID = D3A031D21B516F79008E5815;
					};
				};
			};
			buildConfigurationList = D3A031CE1B516F79008E5815 /* Build configuration list for PBXProject "MiniMedia" */;
			compatibilityVersion = "Xcode 3.2";
			developmentRegion = English;
			hasScannedForEncodings = 0;
			knownRegions = (
				en,
				Base,
			);
			mainGroup = D3A031CA1B516F79008E5815;
			productRefGroup = D3A031D41B516F79008E5815 /* Products */;
			projectDirPath = "";
			projectRoot = "";
			targets = (
				D3A031D21B516F79008E5815 /* MiniMedia */,
				D3A031EB1B516F79008E5815 /* MiniMediaTests */,
			);
		};
/* End PBXProject section */

/* Begin PBXResourcesBuildPhase section */
		D3A031D11B516F79008E5815 /* Resources */ = {
			isa = PBXResourcesBuildPhase;
			buildActionMask = 2147483647;
			files = (
				D3A031E21B516F79008E5815 /* Main.storyboard in Resources */,
				D3A031E71B516F79008E5815 /* LaunchScreen.xib in Resources */,
				D3A031E41B516F79008E5815 /* Images.xcassets in Resources */,
			);
			runOnlyForDeploymentPostprocessing = 0;
		};
		D3A031EA1B516F79008E5815 /* Resources */ = {
			isa = PBXResourcesBuildPhase;
			buildActionMask = 2147483647;
			files = (
			);
			runOnlyForDeploymentPostprocessing = 0;
		};
/* End PBXResourcesBuildPhase section */

/* Begin PBXSourcesBuildPhase section */
		D3A031CF1B516F79008E5815 /* Sources */ = {
			isa = PBXSourcesBuildPhase;
			buildActionMask = 2147483647;
			files = (
				D3A031DB1B516F79008E5815 /* RootViewController.swift in Sources */,
				D3A031DF1B516F79008E5815 /* ModelController.swift in Sources */,
				D3A031DD1B516F79008E5815 /* DataViewController.swift in Sources */,
				D3A031D91B516F79008E5815 /* AppDelegate.swift in Sources */,
			);
			runOnlyForDeploymentPostprocessing = 0;
		};
		D3A031E81B516F79008E5815 /* Sources */ = {
			isa = PBXSourcesBuildPhase;
			buildActionMask = 2147483647;
			files = (
				D3A031F31B516F79008E5815 /* MiniMediaTests.swift in Sources */,
			);
			runOnlyForDeploymentPostprocessing = 0;
		};
/* End PBXSourcesBuildPhase section */

/* Begin PBXTargetDependency section */
		D3A031EE1B516F79008E5815 /* PBXTargetDependency */ = {
			isa = PBXTargetDependency;
			target = D3A031D21B516F79008E5815 /* MiniMedia */;
			targetProxy = D3A031ED1B516F79008E5815 /* PBXContainerItemProxy */;
		};
/* End PBXTargetDependency section */

/* Begin PBXVariantGroup section */
		D3A031E01B516F79008E5815 /* Main.storyboard */ = {
			isa = PBXVariantGroup;
			children = (
				D3A031E11B516F79008E5815 /* Base */,
			);
			name = Main.storyboard;
			sourceTree = "<group>";
		};
		D3A031E51B516F79008E5815 /* LaunchScreen.xib */ = {
			isa = PBXVariantGroup;
			children = (
				D3A031E61B516F79008E5815 /* Base */,
			);
			name = LaunchScreen.xib;
			sourceTree = "<group>";
		};
/* End PBXVariantGroup section */

/* Begin XCBuildConfiguration section */
		D3A031F41B516F79008E5815 /* Debug */ = {
			isa = XCBuildConfiguration;
			buildSettings = {
				ALWAYS_SEARCH_USER_PATHS = NO;
				CLANG_CXX_LANGUAGE_STANDARD = "gnu++0x";
				CLANG_CXX_LIBRARY = "libc++";
				CLANG_ENABLE_MODULES = YES;
				CLANG_ENABLE_OBJC_ARC = YES;
				CLANG_WARN_BOOL_CONVERSION = YES;
				CLANG_WARN_CONSTANT_CONVERSION = YES;
				CLANG_WARN_DIRECT_OBJC_ISA_USAGE = YES_ERROR;
				CLANG_WARN_EMPTY_BODY = YES;
				CLANG_WARN_ENUM_CONVERSION = YES;
				CLANG_WARN_INT_CONVERSION = YES;
				CLANG_WARN_OBJC_ROOT_CLASS = YES_ERROR;
				CLANG_WARN_UNREACHABLE_CODE = YES;
				CLANG_WARN__DUPLICATE_METHOD_MATCH = YES;
				"CODE_SIGN_IDENTITY[sdk=iphoneos*]" = "iPhone Developer";
				COPY_PHASE_STRIP = NO;
				DEBUG_INFORMATION_FORMAT = "dwarf-with-dsym";
				ENABLE_STRICT_OBJC_MSGSEND = YES;
				GCC_C_LANGUAGE_STANDARD = gnu99;
				GCC_DYNAMIC_NO_PIC = NO;
				GCC_NO_COMMON_BLOCKS = YES;
				GCC_OPTIMIZATION_LEVEL = 0;
				GCC_PREPROCESSOR_DEFINITIONS = (
					"DEBUG=1",
					"$(inherited)",
				);
				GCC_SYMBOLS_PRIVATE_EXTERN = NO;
				GCC_WARN_64_TO_32_BIT_CONVERSION = YES;
				GCC_WARN_ABOUT_RETURN_TYPE = YES_ERROR;
				GCC_WARN_UNDECLARED_SELECTOR = YES;
				GCC_WARN_UNINITIALIZED_AUTOS = YES_AGGRESSIVE;
				GCC_WARN_UNUSED_FUNCTION = YES;
				GCC_WARN_UNUSED_VARIABLE = YES;
				IPHONEOS_DEPLOYMENT_TARGET = 8.4;
				MTL_ENABLE_DEBUG_INFO = YES;
				ONLY_ACTIVE_ARCH = YES;
				SDKROOT = iphoneos;
				SWIFT_OPTIMIZATION_LEVEL = "-Onone";
				TARGETED_DEVICE_FAMILY = "1,2";
			};
			name = Debug;
		};
		D3A031F51B516F79008E5815 /* Release */ = {
			isa = XCBuildConfiguration;
			buildSettings = {
				ALWAYS_SEARCH_USER_PATHS = NO;
				CLANG_CXX_LANGUAGE_STANDARD = "gnu++0x";
				CLANG_CXX_LIBRARY = "libc++";
				CLANG_ENABLE_MODULES = YES;
				CLANG_ENABLE_OBJC_ARC = YES;
				CLANG_WARN_BOOL_CONVERSION = YES;
				CLANG_WARN_CONSTANT_CONVERSION = YES;
				CLANG_WARN_DIRECT_OBJC_ISA_USAGE = YES_ERROR;
				CLANG_WARN_EMPTY_BODY = YES;
				CLANG_WARN_ENUM_CONVERSION = YES;
				CLANG_WARN_INT_CONVERSION = YES;
				CLANG_WARN_OBJC_ROOT_CLASS = YES_ERROR;
				CLANG_WARN_UNREACHABLE_CODE = YES;
				CLANG_WARN__DUPLICATE_METHOD_MATCH = YES;
				"CODE_SIGN_IDENTITY[sdk=iphoneos*]" = "iPhone Developer";
				COPY_PHASE_STRIP = NO;
				DEBUG_INFORMATION_FORMAT = "dwarf-with-dsym";
				ENABLE_NS_ASSERTIONS = NO;
				ENABLE_STRICT_OBJC_MSGSEND = YES;
				GCC_C_LANGUAGE_STANDARD = gnu99;
				GCC_NO_COMMON_BLOCKS = YES;
				GCC_WARN_64_TO_32_BIT_CONVERSION = YES;
				GCC_WARN_ABOUT_RETURN_TYPE = YES_ERROR;
				GCC_WARN_UNDECLARED_SELECTOR = YES;
				GCC_WARN_UNINITIALIZED_AUTOS = YES_AGGRESSIVE;
				GCC_WARN_UNUSED_FUNCTION = YES;
				GCC_WARN_UNUSED_VARIABLE = YES;
				IPHONEOS_DEPLOYMENT_TARGET = 8.4;
				MTL_ENABLE_DEBUG_INFO = NO;
				SDKROOT = iphoneos;
				TARGETED_DEVICE_FAMILY = "1,2";
				VALIDATE_PRODUCT = YES;
			};
			name = Release;
		};
		D3A031F71B516F79008E5815 /* Debug */ = {
			isa = XCBuildConfiguration;
			buildSettings = {
				ASSETCATALOG_COMPILER_APPICON_NAME = AppIcon;
				INFOPLIST_FILE = MiniMedia/Info.plist;
				LD_RUNPATH_SEARCH_PATHS = "$(inherited) @executable_path/Frameworks";
				PRODUCT_NAME = "$(TARGET_NAME)";
			};
			name = Debug;
		};
		D3A031F81B516F79008E5815 /* Release */ = {
			isa = XCBuildConfiguration;
			buildSettings = {
				ASSETCATALOG_COMPILER_APPICON_NAME = AppIcon;
				INFOPLIST_FILE = MiniMedia/Info.plist;
				LD_RUNPATH_SEARCH_PATHS = "$(inherited) @executable_path/Frameworks";
				PRODUCT_NAME = "$(TARGET_NAME)";
			};
			name = Release;
		};
		D3A031FA1B516F79008E5815 /* Debug */ = {
			isa = XCBuildConfiguration;
			buildSettings = {
				BUNDLE_LOADER = "$(TEST_HOST)";
				FRAMEWORK_SEARCH_PATHS = (
					"$(SDKROOT)/Developer/Library/Frameworks",
					"$(inherited)",
				);
				GCC_PREPROCESSOR_DEFINITIONS = (
					"DEBUG=1",
					"$(inherited)",
				);
				INFOPLIST_FILE = MiniMediaTests/Info.plist;
				LD_RUNPATH_SEARCH_PATHS = "$(inherited) @executable_path/Frameworks @loader_path/Frameworks";
				PRODUCT_NAME = "$(TARGET_NAME)";
				TEST_HOST = "$(BUILT_PRODUCTS_DIR)/MiniMedia.app/MiniMedia";
			};
			name = Debug;
		};
		D3A031FB1B516F79008E5815 /* Release */ = {
			isa = XCBuildConfiguration;
			buildSettings = {
				BUNDLE_LOADER = "$(TEST_HOST)";
				FRAMEWORK_SEARCH_PATHS = (
					"$(SDKROOT)/Developer/Library/Frameworks",
					"$(inherited)",
				);
				INFOPLIST_FILE = MiniMediaTests/Info.plist;
				LD_RUNPATH_SEARCH_PATHS = "$(inherited) @executable_path/Frameworks @loader_path/Frameworks";
				PRODUCT_NAME = "$(TARGET_NAME)";
				TEST_HOST = "$(BUILT_PRODUCTS_DIR)/MiniMedia.app/MiniMedia";
			};
			name = Release;
		};
/* End XCBuildConfiguration section */

/* Begin XCConfigurationList section */
		D3A031CE1B516F79008E5815 /* Build configuration list for PBXProject "MiniMedia" */ = {
			isa = XCConfigurationList;
			buildConfigurations = (
				D3A031F41B516F79008E5815 /* Debug */,
				D3A031F51B516F79008E5815 /* Release */,
			);
			defaultConfigurationIsVisible = 0;
			defaultConfigurationName = Release;
		};
		D3A031F61B516F79008E5815 /* Build configuration list for PBXNativeTarget "MiniMedia" */ = {
			isa = XCConfigurationList;
			buildConfigurations = (
				D3A031F71B516F79008E5815 /* Debug */,
				D3A031F81B516F79008E5815 /* Release */,
			);
			defaultConfigurationIsVisible = 0;
		};
		D3A031F91B516F79008E5815 /* Build configuration list for PBXNativeTarget "MiniMediaTests" */ = {
			isa = XCConfigurationList;
			buildConfigurations = (
				D3A031FA1B516F79008E5815 /* Debug */,
				D3A031FB1B516F79008E5815 /* Release */,
			);
			defaultConfigurationIsVisible = 0;
		};
/* End XCConfigurationList section */
	};
	rootObject = D3A031CB1B516F79008E5815 /* Project object */;
}
